
Microsoft Visual Studio Solution File, Format Version 12.00
# Visual Studio 15
VisualStudioVersion = 15.0.26403.7
MinimumVisualStudioVersion = 10.0.40219.1
Project("{FAE04EC0-301F-11D3-BF4B-00C04F79EFBC}") = "NLog.MailKit", "NLog.MailKit\NLog.MailKit.csproj", "{ADB14D32-DE12-4443-8234-21A11EADDFC0}"
EndProject
Project("{FAE04EC0-301F-11D3-BF4B-00C04F79EFBC}") = "NLog.MailKit.Tests", "..\test\NLog.MailKit.Tests\NLog.MailKit.Tests.csproj", "{BE92EAA4-AB09-4C61-913D-19C0D9FD9FFD}"
EndProject
Global
	GlobalSection(SolutionConfigurationPlatforms) = preSolution
		Debug|Any CPU = Debug|Any CPU
		Release|Any CPU = Release|Any CPU
	EndGlobalSection
	GlobalSection(ProjectConfigurationPlatforms) = postSolution
		{ADB14D32-DE12-4443-8234-21A11EADDFC0}.Debug|Any CPU.ActiveCfg = Debug|Any CPU
		{ADB14D32-DE12-4443-8234-21A11EADDFC0}.Debug|Any CPU.Build.0 = Debug|Any CPU
		{ADB14D32-DE12-4443-8234-21A11EADDFC0}.Release|Any CPU.ActiveCfg = Release|Any CPU
		{ADB14D32-DE12-4443-8234-21A11EADDFC0}.Release|Any CPU.Build.0 = Release|Any CPU
		{BE92EAA4-AB09-4C61-913D-19C0D9FD9FFD}.Debug|Any CPU.ActiveCfg = Debug|Any CPU
		{BE92EAA4-AB09-4C61-913D-19C0D9FD9FFD}.Debug|Any CPU.Build.0 = Debug|Any CPU
		{BE92EAA4-AB09-4C61-913D-19C0D9FD9FFD}.Release|Any CPU.ActiveCfg = Release|Any CPU
		{BE92EAA4-AB09-4C61-913D-19C0D9FD9FFD}.Release|Any CPU.Build.0 = Release|Any CPU
	EndGlobalSection
	GlobalSection(SolutionProperties) = preSolution
		HideSolutionNode = FALSE
	EndGlobalSection
EndGlobal
